# This file is automatically @generated by Cargo.
# It is not intended for manual editing.
version = 3

[[package]]
name = "aho-corasick"
version = "0.6.9"
source = "registry+https://github.com/rust-lang/crates.io-index"
checksum = "1e9a933f4e58658d7b12defcf96dc5c720f20832deebe3e0a19efd3b6aaeeb9e"
dependencies = [
 "memchr",
]

[[package]]
name = "ansi_term"
version = "0.11.0"
source = "registry+https://github.com/rust-lang/crates.io-index"
checksum = "ee49baf6cb617b853aa8d93bf420db2383fab46d314482ca2803b40d5fde979b"
dependencies = [
 "winapi 0.3.9",
]

[[package]]
name = "atty"
version = "0.2.11"
source = "registry+https://github.com/rust-lang/crates.io-index"
checksum = "9a7d5b8723950951411ee34d271d99dddcc2035a16ab25310ea2c8cfd4369652"
dependencies = [
 "libc",
 "termion",
 "winapi 0.3.9",
]

[[package]]
name = "autocfg"
version = "1.1.0"
source = "registry+https://github.com/rust-lang/crates.io-index"
checksum = "d468802bab17cbc0cc575e9b053f41e72aa36bfa6b7f55e3529ffa43161b97fa"

[[package]]
name = "base64"
version = "0.10.0"
source = "registry+https://github.com/rust-lang/crates.io-index"
checksum = "621fc7ecb8008f86d7fb9b95356cd692ce9514b80a86d85b397f32a22da7b9e2"
dependencies = [
 "byteorder",
]

[[package]]
name = "base64"
version = "0.21.2"
source = "registry+https://github.com/rust-lang/crates.io-index"
checksum = "604178f6c5c21f02dc555784810edfb88d34ac2c73b2eae109655649ee73ce3d"

[[package]]
name = "bitflags"
version = "0.5.0"
source = "registry+https://github.com/rust-lang/crates.io-index"
checksum = "4f67931368edf3a9a51d29886d245f1c3db2f1ef0dcc9e35ff70341b78c10d23"

[[package]]
name = "bitflags"
version = "1.3.2"
source = "registry+https://github.com/rust-lang/crates.io-index"
checksum = "bef38d45163c2f1dde094a7dfd33ccf595c92905c8f8f4fdc18d06fb1037718a"

[[package]]
name = "bumpalo"
version = "3.13.0"
source = "registry+https://github.com/rust-lang/crates.io-index"
checksum = "a3e2c3daef883ecc1b5d58c15adae93470a91d425f3532ba1695849656af3fc1"

[[package]]
name = "byteorder"
version = "1.2.7"
source = "registry+https://github.com/rust-lang/crates.io-index"
checksum = "94f88df23a25417badc922ab0f5716cc1330e87f71ddd9203b3a3ccd9cedf75d"

[[package]]
name = "bytes"
version = "1.4.0"
source = "registry+https://github.com/rust-lang/crates.io-index"
checksum = "89b2fd2a0dcf38d7971e2194b6b6eebab45ae01067456a7fd93d5547a61b70be"

[[package]]
name = "cc"
version = "1.0.79"
source = "registry+https://github.com/rust-lang/crates.io-index"
checksum = "50d30906286121d95be3d479533b458f87493b30a4b5f79a607db8f5d11aa91f"

[[package]]
name = "cfg-if"
version = "0.1.6"
source = "registry+https://github.com/rust-lang/crates.io-index"
checksum = "082bb9b28e00d3c9d39cc03e64ce4cea0f1bb9b3fde493f0cbc008472d22bdf4"

[[package]]
name = "cfg-if"
version = "1.0.0"
source = "registry+https://github.com/rust-lang/crates.io-index"
checksum = "baf1de4339761588bc0619e3cbc0120ee582ebb74b53b4efbf79117bd2da40fd"

[[package]]
name = "chrono"
version = "0.4.6"
source = "registry+https://github.com/rust-lang/crates.io-index"
checksum = "45912881121cb26fad7c38c17ba7daa18764771836b34fab7d3fbd93ed633878"
dependencies = [
 "num-integer",
 "num-traits",
 "time",
]

[[package]]
name = "clap"
version = "2.32.0"
source = "registry+https://github.com/rust-lang/crates.io-index"
checksum = "b957d88f4b6a63b9d70d5f454ac8011819c6efa7727858f458ab71c756ce2d3e"
dependencies = [
 "ansi_term",
 "atty",
 "bitflags 1.3.2",
 "strsim",
 "textwrap",
 "unicode-width",
 "vec_map",
]

[[package]]
name = "core-foundation"
version = "0.9.3"
source = "registry+https://github.com/rust-lang/crates.io-index"
checksum = "194a7a9e6de53fa55116934067c844d9d749312f75c6f6d0980e8c252f8c2146"
dependencies = [
 "core-foundation-sys",
 "libc",
]

[[package]]
name = "core-foundation-sys"
version = "0.8.4"
source = "registry+https://github.com/rust-lang/crates.io-index"
checksum = "e496a50fda8aacccc86d7529e2c1e0892dbd0f898a6b5645b5561b89c3210efa"

[[package]]
name = "fnv"
version = "1.0.6"
source = "registry+https://github.com/rust-lang/crates.io-index"
checksum = "2fad85553e09a6f881f739c29f0b00b0f01357c743266d478b68951ce23285f3"

[[package]]
name = "fuchsia-zircon"
version = "0.3.3"
source = "registry+https://github.com/rust-lang/crates.io-index"
checksum = "2e9763c69ebaae630ba35f74888db465e49e259ba1bc0eda7d06f4a067615d82"
dependencies = [
 "bitflags 1.3.2",
 "fuchsia-zircon-sys",
]

[[package]]
name = "fuchsia-zircon-sys"
version = "0.3.3"
source = "registry+https://github.com/rust-lang/crates.io-index"
checksum = "3dcaa9ae7725d12cdb85b3ad99a434db70b468c09ded17e012d86b5c1010f7a7"

[[package]]
name = "futures"
version = "0.3.28"
source = "registry+https://github.com/rust-lang/crates.io-index"
checksum = "23342abe12aba583913b2e62f22225ff9c950774065e4bfb61a19cd9770fec40"
dependencies = [
 "futures-channel",
 "futures-core",
 "futures-executor",
 "futures-io",
 "futures-sink",
 "futures-task",
 "futures-util",
]

[[package]]
name = "futures-channel"
version = "0.3.28"
source = "registry+https://github.com/rust-lang/crates.io-index"
checksum = "955518d47e09b25bbebc7a18df10b81f0c766eaf4c4f1cccef2fca5f2a4fb5f2"
dependencies = [
 "futures-core",
 "futures-sink",
]

[[package]]
name = "futures-core"
version = "0.3.28"
source = "registry+https://github.com/rust-lang/crates.io-index"
checksum = "4bca583b7e26f571124fe5b7561d49cb2868d79116cfa0eefce955557c6fee8c"

[[package]]
name = "futures-executor"
version = "0.3.28"
source = "registry+https://github.com/rust-lang/crates.io-index"
checksum = "ccecee823288125bd88b4d7f565c9e58e41858e47ab72e8ea2d64e93624386e0"
dependencies = [
 "futures-core",
 "futures-task",
 "futures-util",
]

[[package]]
name = "futures-io"
version = "0.3.28"
source = "registry+https://github.com/rust-lang/crates.io-index"
checksum = "4fff74096e71ed47f8e023204cfd0aa1289cd54ae5430a9523be060cdb849964"

[[package]]
name = "futures-macro"
version = "0.3.28"
source = "registry+https://github.com/rust-lang/crates.io-index"
checksum = "89ca545a94061b6365f2c7355b4b32bd20df3ff95f02da9329b34ccc3bd6ee72"
dependencies = [
 "proc-macro2 1.0.59",
 "quote 1.0.28",
 "syn 2.0.18",
]

[[package]]
name = "futures-sink"
version = "0.3.28"
source = "registry+https://github.com/rust-lang/crates.io-index"
checksum = "f43be4fe21a13b9781a69afa4985b0f6ee0e1afab2c6f454a8cf30e2b2237b6e"

[[package]]
name = "futures-task"
version = "0.3.28"
source = "registry+https://github.com/rust-lang/crates.io-index"
checksum = "76d3d132be6c0e6aa1534069c705a74a5997a356c0dc2f86a47765e5617c5b65"

[[package]]
name = "futures-util"
version = "0.3.28"
source = "registry+https://github.com/rust-lang/crates.io-index"
checksum = "26b01e40b772d54cf6c6d721c1d1abd0647a0106a12ecaa1c186273392a69533"
dependencies = [
 "futures-channel",
 "futures-core",
 "futures-io",
 "futures-macro",
 "futures-sink",
 "futures-task",
 "memchr",
 "pin-project-lite",
 "pin-utils",
 "slab",
]

[[package]]
name = "glob"
version = "0.2.11"
source = "registry+https://github.com/rust-lang/crates.io-index"
checksum = "8be18de09a56b60ed0edf84bc9df007e30040691af7acd1c41874faac5895bfb"

[[package]]
name = "hermit-abi"
version = "0.2.6"
source = "registry+https://github.com/rust-lang/crates.io-index"
checksum = "ee512640fe35acbfb4bb779db6f0d80704c2cacfa2e39b601ef3e3f47d1ae4c7"
dependencies = [
 "libc",
]

[[package]]
name = "http"
version = "0.2.9"
source = "registry+https://github.com/rust-lang/crates.io-index"
checksum = "bd6effc99afb63425aff9b05836f029929e345a6148a14b7ecd5ab67af944482"
dependencies = [
 "bytes",
 "fnv",
 "itoa",
]

[[package]]
name = "http-body"
version = "0.4.5"
source = "registry+https://github.com/rust-lang/crates.io-index"
checksum = "d5f38f16d184e36f2408a55281cd658ecbd3ca05cce6d6510a176eca393e26d1"
dependencies = [
 "bytes",
 "http",
 "pin-project-lite",
]

[[package]]
name = "httparse"
version = "1.8.0"
source = "registry+https://github.com/rust-lang/crates.io-index"
checksum = "d897f394bad6a705d5f4104762e116a75639e470d80901eed05a860a95cb1904"

[[package]]
name = "httpdate"
version = "1.0.2"
source = "registry+https://github.com/rust-lang/crates.io-index"
checksum = "c4a1e36c821dbe04574f602848a19f742f4fb3c98d40449f11bcad18d6b17421"

[[package]]
name = "hyper"
version = "0.14.26"
source = "registry+https://github.com/rust-lang/crates.io-index"
checksum = "ab302d72a6f11a3b910431ff93aae7e773078c769f0a3ef15fb9ec692ed147d4"
dependencies = [
 "bytes",
 "futures-channel",
 "futures-core",
 "futures-util",
 "http",
 "http-body",
 "httparse",
 "httpdate",
 "itoa",
 "pin-project-lite",
 "socket2",
 "tokio",
 "tower-service",
 "tracing",
 "want",
]

[[package]]
name = "hyper-rustls"
version = "0.24.0"
source = "registry+https://github.com/rust-lang/crates.io-index"
checksum = "0646026eb1b3eea4cd9ba47912ea5ce9cc07713d105b1a14698f4e6433d348b7"
dependencies = [
 "http",
 "hyper",
 "log 0.4.6",
 "rustls",
 "rustls-native-certs",
 "tokio",
 "tokio-rustls",
]

[[package]]
name = "ipnetwork"
version = "0.14.0"
source = "registry+https://github.com/rust-lang/crates.io-index"
checksum = "b3d862c86f7867f19b693ec86765e0252d82e53d4240b9b629815675a0714ad1"
dependencies = [
 "serde",
]

[[package]]
name = "itoa"
version = "1.0.6"
source = "registry+https://github.com/rust-lang/crates.io-index"
checksum = "453ad9f582a441959e5f0d088b02ce04cfe8d51a8eaf077f12ac6d3e94164ca6"

[[package]]
name = "js-sys"
version = "0.3.63"
source = "registry+https://github.com/rust-lang/crates.io-index"
checksum = "2f37a4a5928311ac501dee68b3c7613a1037d0edb30c8e5427bd832d55d1b790"
dependencies = [
 "wasm-bindgen",
]

[[package]]
name = "kernel32-sys"
version = "0.2.2"
source = "registry+https://github.com/rust-lang/crates.io-index"
checksum = "7507624b29483431c0ba2d82aece8ca6cdba9382bff4ddd0f7490560c056098d"
dependencies = [
 "winapi 0.2.8",
 "winapi-build",
]

[[package]]
name = "lazy_static"
version = "1.2.0"
source = "registry+https://github.com/rust-lang/crates.io-index"
checksum = "a374c89b9db55895453a74c1e38861d9deec0b01b405a82516e9d5de4820dea1"

[[package]]
name = "libc"
version = "0.2.144"
source = "registry+https://github.com/rust-lang/crates.io-index"
checksum = "2b00cc1c228a6782d0f076e7b232802e0c5689d41bb5df366f2a6b6621cfdfe1"

[[package]]
name = "log"
version = "0.3.9"
source = "registry+https://github.com/rust-lang/crates.io-index"
checksum = "e19e8d5c34a3e0e2223db8e060f9e8264aeeb5c5fc64a4ee9965c062211c024b"
dependencies = [
 "log 0.4.6",
]

[[package]]
name = "log"
version = "0.4.6"
source = "registry+https://github.com/rust-lang/crates.io-index"
checksum = "c84ec4b527950aa83a329754b01dbe3f58361d1c5efacd1f6d68c494d08a17c6"
dependencies = [
 "cfg-if 0.1.6",
]

[[package]]
name = "memchr"
version = "2.5.0"
source = "registry+https://github.com/rust-lang/crates.io-index"
checksum = "2dffe52ecf27772e601905b7522cb4ef790d2cc203488bbd0e2fe85fcb74566d"

[[package]]
name = "mio"
version = "0.8.7"
source = "registry+https://github.com/rust-lang/crates.io-index"
checksum = "eebffdb73fe72e917997fad08bdbf31ac50b0fa91cec93e69a0662e4264d454c"
dependencies = [
 "libc",
 "wasi",
 "windows-sys 0.48.0",
]

[[package]]
name = "num-integer"
version = "0.1.39"
source = "registry+https://github.com/rust-lang/crates.io-index"
checksum = "e83d528d2677f0518c570baf2b7abdcf0cd2d248860b68507bdcb3e91d4c0cea"
dependencies = [
 "num-traits",
]

[[package]]
name = "num-traits"
version = "0.2.6"
source = "registry+https://github.com/rust-lang/crates.io-index"
checksum = "0b3a5d7cc97d6d30d8b9bc8fa19bf45349ffe46241e8816f50f62f6d6aaabee1"

[[package]]
name = "num_cpus"
version = "1.15.0"
source = "registry+https://github.com/rust-lang/crates.io-index"
checksum = "0fac9e2da13b5eb447a6ce3d392f23a29d8694bff781bf03a16cd9ac8697593b"
dependencies = [
 "hermit-abi",
 "libc",
]

[[package]]
name = "once_cell"
version = "1.17.1"
source = "registry+https://github.com/rust-lang/crates.io-index"
checksum = "b7e5500299e16ebb147ae15a00a942af264cf3688f47923b8fc2cd5858f23ad3"

[[package]]
name = "openssl-probe"
version = "0.1.5"
source = "registry+https://github.com/rust-lang/crates.io-index"
checksum = "ff011a302c396a5197692431fc1948019154afc178baf7d8e37367442a4601cf"

[[package]]
name = "pin-project-lite"
version = "0.2.9"
source = "registry+https://github.com/rust-lang/crates.io-index"
checksum = "e0a7ae3ac2f1173085d398531c705756c94a4c56843785df85a60c1a0afac116"

[[package]]
name = "pin-utils"
version = "0.1.0"
source = "registry+https://github.com/rust-lang/crates.io-index"
checksum = "8b870d8c151b6f2fb93e84a13146138f05d02ed11c7e7c54f8826aaaf7c9f184"

[[package]]
name = "pnet"
version = "0.22.0"
source = "registry+https://github.com/rust-lang/crates.io-index"
checksum = "63d693c84430248366146e3181ff9d330243464fa9e6146c372b2f3eb2e2d8e7"
dependencies = [
 "ipnetwork",
 "pnet_base",
 "pnet_datalink",
 "pnet_packet",
 "pnet_sys",
 "pnet_transport",
]

[[package]]
name = "pnet_base"
version = "0.22.0"
source = "registry+https://github.com/rust-lang/crates.io-index"
checksum = "4df28acf2fcc77436dd2b91a9a0c2bb617f9ca5f2acefee1a4135058b9f9801f"

[[package]]
name = "pnet_datalink"
version = "0.22.0"
source = "registry+https://github.com/rust-lang/crates.io-index"
checksum = "7b34f8ca857599d05b6b082e9baff8d27c54cb9c26568cf3c0993a5755816966"
dependencies = [
 "ipnetwork",
 "libc",
 "pnet_base",
 "pnet_sys",
 "winapi 0.2.8",
]

[[package]]
name = "pnet_macros"
version = "0.21.0"
source = "registry+https://github.com/rust-lang/crates.io-index"
checksum = "5d228096fd739d4e3e60dee9e1e4f07d9ae0f3f309c876834192538748e561e4"
dependencies = [
 "regex 0.2.11",
 "syntex",
 "syntex_syntax",
]

[[package]]
name = "pnet_macros_support"
version = "0.22.0"
source = "registry+https://github.com/rust-lang/crates.io-index"
checksum = "84684f2cddefc37a06f2fe2ca4dcc3457fc3b282734b5246507d8ee75d2780ae"
dependencies = [
 "pnet_base",
]

[[package]]
name = "pnet_packet"
version = "0.22.0"
source = "registry+https://github.com/rust-lang/crates.io-index"
checksum = "08a6cdcdaddc5174f18286298842a4e31cd3cc018933d42af51434b1fa07dcbe"
dependencies = [
 "glob",
 "pnet_base",
 "pnet_macros",
 "pnet_macros_support",
 "syntex",
]

[[package]]
name = "pnet_sys"
version = "0.22.0"
source = "registry+https://github.com/rust-lang/crates.io-index"
checksum = "682b2eca84cc440bce8336813f78eb6d3cb0fed89fe0e87ae22acfca8363f176"
dependencies = [
 "libc",
 "winapi 0.2.8",
 "ws2_32-sys",
]

[[package]]
name = "pnet_transport"
version = "0.22.0"
source = "registry+https://github.com/rust-lang/crates.io-index"
checksum = "5faa55dcf725487a699adcff88dfea8f17ea34fa2640528866d9acbb4e3a104f"
dependencies = [
 "libc",
 "pnet_base",
 "pnet_packet",
 "pnet_sys",
]

[[package]]
name = "proc-macro2"
version = "0.4.24"
source = "registry+https://github.com/rust-lang/crates.io-index"
checksum = "77619697826f31a02ae974457af0b29b723e5619e113e9397b8b82c6bd253f09"
dependencies = [
 "unicode-xid 0.1.0",
]

[[package]]
name = "proc-macro2"
version = "1.0.59"
source = "registry+https://github.com/rust-lang/crates.io-index"
checksum = "6aeca18b86b413c660b781aa319e4e2648a3e6f9eadc9b47e9038e6fe9f3451b"
dependencies = [
 "unicode-ident",
]

[[package]]
name = "quote"
version = "0.6.10"
source = "registry+https://github.com/rust-lang/crates.io-index"
checksum = "53fa22a1994bd0f9372d7a816207d8a2677ad0325b073f5c5332760f0fb62b5c"
dependencies = [
 "proc-macro2 0.4.24",
]

[[package]]
name = "quote"
version = "1.0.28"
source = "registry+https://github.com/rust-lang/crates.io-index"
checksum = "1b9ab9c7eadfd8df19006f1cf1a4aed13540ed5cbc047010ece5826e10825488"
dependencies = [
 "proc-macro2 1.0.59",
]

[[package]]
name = "rand"
version = "0.4.3"
source = "registry+https://github.com/rust-lang/crates.io-index"
checksum = "8356f47b32624fef5b3301c1be97e5944ecdd595409cc5da11d05f211db6cfbd"
dependencies = [
 "fuchsia-zircon",
 "libc",
 "winapi 0.3.9",
]

[[package]]
name = "rddns"
version = "0.3.0"
dependencies = [
 "base64 0.10.0",
 "clap",
 "futures",
 "futures-util",
 "hyper",
 "hyper-rustls",
 "ipnetwork",
 "lazy_static",
 "log 0.4.6",
 "pnet",
 "regex 1.1.0",
 "serde",
 "serde_derive",
 "simplelog",
 "tempdir",
 "tokio",
 "toml",
]

[[package]]
name = "redox_syscall"
version = "0.1.50"
source = "registry+https://github.com/rust-lang/crates.io-index"
checksum = "52ee9a534dc1301776eff45b4fa92d2c39b1d8c3d3357e6eb593e0d795506fc2"

[[package]]
name = "redox_termios"
version = "0.1.1"
source = "registry+https://github.com/rust-lang/crates.io-index"
checksum = "7e891cfe48e9100a70a3b6eb652fef28920c117d366339687bd5576160db0f76"
dependencies = [
 "redox_syscall",
]

[[package]]
name = "regex"
version = "0.2.11"
source = "registry+https://github.com/rust-lang/crates.io-index"
checksum = "9329abc99e39129fcceabd24cf5d85b4671ef7c29c50e972bc5afe32438ec384"
dependencies = [
 "aho-corasick",
 "memchr",
 "regex-syntax 0.5.6",
 "thread_local",
 "utf8-ranges",
]

[[package]]
name = "regex"
version = "1.1.0"
source = "registry+https://github.com/rust-lang/crates.io-index"
checksum = "37e7cbbd370869ce2e8dff25c7018702d10b21a20ef7135316f8daecd6c25b7f"
dependencies = [
 "aho-corasick",
 "memchr",
 "regex-syntax 0.6.4",
 "thread_local",
 "utf8-ranges",
]

[[package]]
name = "regex-syntax"
version = "0.5.6"
source = "registry+https://github.com/rust-lang/crates.io-index"
checksum = "7d707a4fa2637f2dca2ef9fd02225ec7661fe01a53623c1e6515b6916511f7a7"
dependencies = [
 "ucd-util",
]

[[package]]
name = "regex-syntax"
version = "0.6.4"
source = "registry+https://github.com/rust-lang/crates.io-index"
checksum = "4e47a2ed29da7a9e1960e1639e7a982e6edc6d49be308a3b02daf511504a16d1"
dependencies = [
 "ucd-util",
]

[[package]]
name = "remove_dir_all"
version = "0.5.1"
source = "registry+https://github.com/rust-lang/crates.io-index"
checksum = "3488ba1b9a2084d38645c4c08276a1752dcbf2c7130d74f1569681ad5d2799c5"
dependencies = [
 "winapi 0.3.9",
]

[[package]]
name = "ring"
version = "0.16.20"
source = "registry+https://github.com/rust-lang/crates.io-index"
checksum = "3053cf52e236a3ed746dfc745aa9cacf1b791d846bdaf412f60a8d7d6e17c8fc"
dependencies = [
 "cc",
 "libc",
 "once_cell",
 "spin",
 "untrusted",
 "web-sys",
 "winapi 0.3.9",
]

[[package]]
name = "rustc-serialize"
version = "0.3.24"
source = "registry+https://github.com/rust-lang/crates.io-index"
checksum = "dcf128d1287d2ea9d80910b5f1120d0b8eede3fbf1abe91c40d39ea7d51e6fda"

[[package]]
name = "rustls"
version = "0.21.1"
source = "registry+https://github.com/rust-lang/crates.io-index"
checksum = "c911ba11bc8433e811ce56fde130ccf32f5127cab0e0194e9c68c5a5b671791e"
dependencies = [
 "log 0.4.6",
 "ring",
 "rustls-webpki",
 "sct",
]

[[package]]
name = "rustls-native-certs"
version = "0.6.2"
source = "registry+https://github.com/rust-lang/crates.io-index"
checksum = "0167bac7a9f490495f3c33013e7722b53cb087ecbe082fb0c6387c96f634ea50"
dependencies = [
 "openssl-probe",
 "rustls-pemfile",
 "schannel",
 "security-framework",
]

[[package]]
name = "rustls-pemfile"
version = "1.0.2"
source = "registry+https://github.com/rust-lang/crates.io-index"
checksum = "d194b56d58803a43635bdc398cd17e383d6f71f9182b9a192c127ca42494a59b"
dependencies = [
 "base64 0.21.2",
]

[[package]]
name = "rustls-webpki"
version = "0.100.1"
source = "registry+https://github.com/rust-lang/crates.io-index"
checksum = "d6207cd5ed3d8dca7816f8f3725513a34609c0c765bf652b8c3cb4cfd87db46b"
dependencies = [
 "ring",
 "untrusted",
]

[[package]]
name = "schannel"
version = "0.1.21"
source = "registry+https://github.com/rust-lang/crates.io-index"
checksum = "713cfb06c7059f3588fb8044c0fad1d09e3c01d225e25b9220dbfdcf16dbb1b3"
dependencies = [
 "windows-sys 0.42.0",
]

[[package]]
name = "sct"
version = "0.7.0"
source = "registry+https://github.com/rust-lang/crates.io-index"
checksum = "d53dcdb7c9f8158937a7981b48accfd39a43af418591a5d008c7b22b5e1b7ca4"
dependencies = [
 "ring",
 "untrusted",
]

[[package]]
name = "security-framework"
version = "2.9.1"
source = "registry+https://github.com/rust-lang/crates.io-index"
checksum = "1fc758eb7bffce5b308734e9b0c1468893cae9ff70ebf13e7090be8dcbcc83a8"
dependencies = [
 "bitflags 1.3.2",
 "core-foundation",
 "core-foundation-sys",
 "libc",
 "security-framework-sys",
]

[[package]]
name = "security-framework-sys"
version = "2.9.0"
source = "registry+https://github.com/rust-lang/crates.io-index"
checksum = "f51d0c0d83bec45f16480d0ce0058397a69e48fcdc52d1dc8855fb68acbd31a7"
dependencies = [
 "core-foundation-sys",
 "libc",
]

[[package]]
name = "serde"
version = "1.0.84"
source = "registry+https://github.com/rust-lang/crates.io-index"
checksum = "0e732ed5a5592c17d961555e3b552985baf98d50ce418b7b655f31f6ba7eb1b7"

[[package]]
name = "serde_derive"
version = "1.0.84"
source = "registry+https://github.com/rust-lang/crates.io-index"
checksum = "b4d6115a3ca25c224e409185325afc16a0d5aaaabc15c42b09587d6f1ba39a5b"
dependencies = [
 "proc-macro2 0.4.24",
 "quote 0.6.10",
 "syn 0.15.23",
]

[[package]]
name = "simplelog"
version = "0.5.3"
source = "registry+https://github.com/rust-lang/crates.io-index"
checksum = "2e95345f185d5adeb8ec93459d2dc99654e294cc6ccf5b75414d8ea262de9a13"
dependencies = [
 "chrono",
 "log 0.4.6",
 "term 0.5.1",
]

[[package]]
name = "slab"
version = "0.4.8"
source = "registry+https://github.com/rust-lang/crates.io-index"
checksum = "6528351c9bc8ab22353f9d776db39a20288e8d6c37ef8cfe3317cf875eecfc2d"
dependencies = [
 "autocfg",
]

[[package]]
name = "socket2"
version = "0.4.9"
source = "registry+https://github.com/rust-lang/crates.io-index"
checksum = "64a4a911eed85daf18834cfaa86a79b7d266ff93ff5ba14005426219480ed662"
dependencies = [
 "libc",
 "winapi 0.3.9",
]

[[package]]
name = "spin"
version = "0.5.2"
source = "registry+https://github.com/rust-lang/crates.io-index"
checksum = "6e63cff320ae2c57904679ba7cb63280a3dc4613885beafb148ee7bf9aa9042d"

[[package]]
name = "strsim"
version = "0.7.0"
source = "registry+https://github.com/rust-lang/crates.io-index"
checksum = "bb4f380125926a99e52bc279241539c018323fab05ad6368b56f93d9369ff550"

[[package]]
name = "syn"
version = "0.15.23"
source = "registry+https://github.com/rust-lang/crates.io-index"
checksum = "9545a6a093a3f0bd59adb472700acc08cad3776f860f16a897dfce8c88721cbc"
dependencies = [
 "proc-macro2 0.4.24",
 "quote 0.6.10",
 "unicode-xid 0.1.0",
]

[[package]]
name = "syn"
version = "2.0.18"
source = "registry+https://github.com/rust-lang/crates.io-index"
checksum = "32d41677bcbe24c20c52e7c70b0d8db04134c5d1066bf98662e2871ad200ea3e"
dependencies = [
 "proc-macro2 1.0.59",
 "quote 1.0.28",
 "unicode-ident",
]

[[package]]
name = "syntex"
version = "0.42.2"
source = "registry+https://github.com/rust-lang/crates.io-index"
checksum = "0a30b08a6b383a22e5f6edc127d169670d48f905bb00ca79a00ea3e442ebe317"
dependencies = [
 "syntex_errors",
 "syntex_syntax",
]

[[package]]
name = "syntex_errors"
version = "0.42.0"
source = "registry+https://github.com/rust-lang/crates.io-index"
checksum = "04c48f32867b6114449155b2a82114b86d4b09e1bddb21c47ff104ab9172b646"
dependencies = [
 "libc",
 "log 0.3.9",
 "rustc-serialize",
 "syntex_pos",
 "term 0.4.6",
 "unicode-xid 0.0.3",
]

[[package]]
name = "syntex_pos"
version = "0.42.0"
source = "registry+https://github.com/rust-lang/crates.io-index"
checksum = "3fd49988e52451813c61fecbe9abb5cfd4e1b7bb6cdbb980a6fbcbab859171a6"
dependencies = [
 "rustc-serialize",
]

[[package]]
name = "syntex_syntax"
version = "0.42.0"
source = "registry+https://github.com/rust-lang/crates.io-index"
checksum = "7628a0506e8f9666fdabb5f265d0059b059edac9a3f810bda077abb5d826bd8d"
dependencies = [
 "bitflags 0.5.0",
 "libc",
 "log 0.3.9",
 "rustc-serialize",
 "syntex_errors",
 "syntex_pos",
 "term 0.4.6",
 "unicode-xid 0.0.3",
]

[[package]]
name = "tempdir"
version = "0.3.7"
source = "registry+https://github.com/rust-lang/crates.io-index"
checksum = "15f2b5fb00ccdf689e0149d1b1b3c03fead81c2b37735d812fa8bddbbf41b6d8"
dependencies = [
 "rand",
 "remove_dir_all",
]

[[package]]
name = "term"
version = "0.4.6"
source = "registry+https://github.com/rust-lang/crates.io-index"
checksum = "fa63644f74ce96fbeb9b794f66aff2a52d601cbd5e80f4b97123e3899f4570f1"
dependencies = [
 "kernel32-sys",
 "winapi 0.2.8",
]

[[package]]
name = "term"
version = "0.5.1"
source = "registry+https://github.com/rust-lang/crates.io-index"
checksum = "5e6b677dd1e8214ea1ef4297f85dbcbed8e8cdddb561040cc998ca2551c37561"
dependencies = [
 "byteorder",
 "winapi 0.3.9",
]

[[package]]
name = "termion"
version = "1.5.1"
source = "registry+https://github.com/rust-lang/crates.io-index"
checksum = "689a3bdfaab439fd92bc87df5c4c78417d3cbe537487274e9b0b2dce76e92096"
dependencies = [
 "libc",
 "redox_syscall",
 "redox_termios",
]

[[package]]
name = "textwrap"
version = "0.10.0"
source = "registry+https://github.com/rust-lang/crates.io-index"
checksum = "307686869c93e71f94da64286f9a9524c0f308a9e1c87a583de8e9c9039ad3f6"
dependencies = [
 "unicode-width",
]

[[package]]
name = "thread_local"
version = "0.3.6"
source = "registry+https://github.com/rust-lang/crates.io-index"
checksum = "c6b53e329000edc2b34dbe8545fd20e55a333362d0a321909685a19bd28c3f1b"
dependencies = [
 "lazy_static",
]

[[package]]
name = "time"
version = "0.1.41"
source = "registry+https://github.com/rust-lang/crates.io-index"
checksum = "847da467bf0db05882a9e2375934a8a55cffdc9db0d128af1518200260ba1f6c"
dependencies = [
 "libc",
 "redox_syscall",
 "winapi 0.3.9",
]

[[package]]
name = "tokio"
version = "1.28.2"
source = "registry+https://github.com/rust-lang/crates.io-index"
checksum = "94d7b1cfd2aa4011f2de74c2c4c63665e27a71006b0a192dcd2710272e73dfa2"
dependencies = [
 "autocfg",
 "libc",
 "mio",
 "num_cpus",
 "pin-project-lite",
 "socket2",
 "windows-sys 0.48.0",
]

[[package]]
name = "tokio-rustls"
version = "0.24.0"
source = "registry+https://github.com/rust-lang/crates.io-index"
checksum = "e0d409377ff5b1e3ca6437aa86c1eb7d40c134bfec254e44c830defa92669db5"
dependencies = [
 "rustls",
 "tokio",
]

[[package]]
name = "toml"
version = "0.4.10"
source = "registry+https://github.com/rust-lang/crates.io-index"
checksum = "758664fc71a3a69038656bee8b6be6477d2a6c315a6b81f7081f591bffa4111f"
dependencies = [
 "serde",
]

[[package]]
name = "tower-service"
version = "0.3.2"
source = "registry+https://github.com/rust-lang/crates.io-index"
checksum = "b6bc1c9ce2b5135ac7f93c72918fc37feb872bdc6a5533a8b85eb4b86bfdae52"

[[package]]
name = "tracing"
version = "0.1.37"
source = "registry+https://github.com/rust-lang/crates.io-index"
checksum = "8ce8c33a8d48bd45d624a6e523445fd21ec13d3653cd51f681abf67418f54eb8"
dependencies = [
 "cfg-if 1.0.0",
 "pin-project-lite",
 "tracing-core",
]

[[package]]
name = "tracing-core"
version = "0.1.31"
source = "registry+https://github.com/rust-lang/crates.io-index"
checksum = "0955b8137a1df6f1a2e9a37d8a6656291ff0297c1a97c24e0d8425fe2312f79a"
dependencies = [
 "once_cell",
]

[[package]]
name = "try-lock"
version = "0.2.2"
source = "registry+https://github.com/rust-lang/crates.io-index"
checksum = "e604eb7b43c06650e854be16a2a03155743d3752dd1c943f6829e26b7a36e382"

[[package]]
name = "ucd-util"
version = "0.1.3"
source = "registry+https://github.com/rust-lang/crates.io-index"
checksum = "535c204ee4d8434478593480b8f86ab45ec9aae0e83c568ca81abf0fd0e88f86"

[[package]]
name = "unicode-ident"
version = "1.0.9"
source = "registry+https://github.com/rust-lang/crates.io-index"
checksum = "b15811caf2415fb889178633e7724bad2509101cde276048e013b9def5e51fa0"

[[package]]
name = "unicode-width"
version = "0.1.5"
source = "registry+https://github.com/rust-lang/crates.io-index"
checksum = "882386231c45df4700b275c7ff55b6f3698780a650026380e72dabe76fa46526"

[[package]]
name = "unicode-xid"
version = "0.0.3"
source = "registry+https://github.com/rust-lang/crates.io-index"
checksum = "36dff09cafb4ec7c8cf0023eb0b686cb6ce65499116a12201c9e11840ca01beb"

[[package]]
name = "unicode-xid"
version = "0.1.0"
source = "registry+https://github.com/rust-lang/crates.io-index"
checksum = "fc72304796d0818e357ead4e000d19c9c174ab23dc11093ac919054d20a6a7fc"

[[package]]
name = "untrusted"
version = "0.7.1"
source = "registry+https://github.com/rust-lang/crates.io-index"
checksum = "a156c684c91ea7d62626509bce3cb4e1d9ed5c4d978f7b4352658f96a4c26b4a"

[[package]]
name = "utf8-ranges"
version = "1.0.2"
source = "registry+https://github.com/rust-lang/crates.io-index"
checksum = "796f7e48bef87609f7ade7e06495a87d5cd06c7866e6a5cbfceffc558a243737"

[[package]]
name = "vec_map"
version = "0.8.1"
source = "registry+https://github.com/rust-lang/crates.io-index"
checksum = "05c78687fb1a80548ae3250346c3db86a80a7cdd77bda190189f2d0a0987c81a"

[[package]]
name = "want"
version = "0.3.0"
source = "registry+https://github.com/rust-lang/crates.io-index"
checksum = "1ce8a968cb1cd110d136ff8b819a556d6fb6d919363c61534f6860c7eb172ba0"
dependencies = [
 "log 0.4.6",
 "try-lock",
]

[[package]]
name = "wasi"
version = "0.11.0+wasi-snapshot-preview1"
source = "registry+https://github.com/rust-lang/crates.io-index"
checksum = "9c8d87e72b64a3b4db28d11ce29237c246188f4f51057d65a7eab63b7987e423"

[[package]]
name = "wasm-bindgen"
version = "0.2.86"
source = "registry+https://github.com/rust-lang/crates.io-index"
checksum = "5bba0e8cb82ba49ff4e229459ff22a191bbe9a1cb3a341610c9c33efc27ddf73"
dependencies = [
 "cfg-if 1.0.0",
 "wasm-bindgen-macro",
]

[[package]]
name = "wasm-bindgen-backend"
version = "0.2.86"
source = "registry+https://github.com/rust-lang/crates.io-index"
checksum = "19b04bc93f9d6bdee709f6bd2118f57dd6679cf1176a1af464fca3ab0d66d8fb"
dependencies = [
 "bumpalo",
 "log 0.4.6",
 "once_cell",
 "proc-macro2 1.0.59",
 "quote 1.0.28",
 "syn 2.0.18",
 "wasm-bindgen-shared",
]

[[package]]
name = "wasm-bindgen-macro"
version = "0.2.86"
source = "registry+https://github.com/rust-lang/crates.io-index"
checksum = "14d6b024f1a526bb0234f52840389927257beb670610081360e5a03c5df9c258"
dependencies = [
 "quote 1.0.28",
 "wasm-bindgen-macro-support",
]

[[package]]
name = "wasm-bindgen-macro-support"
version = "0.2.86"
source = "registry+https://github.com/rust-lang/crates.io-index"
checksum = "e128beba882dd1eb6200e1dc92ae6c5dbaa4311aa7bb211ca035779e5efc39f8"
dependencies = [
 "proc-macro2 1.0.59",
 "quote 1.0.28",
 "syn 2.0.18",
 "wasm-bindgen-backend",
 "wasm-bindgen-shared",
]

[[package]]
name = "wasm-bindgen-shared"
version = "0.2.86"
source = "registry+https://github.com/rust-lang/crates.io-index"
checksum = "ed9d5b4305409d1fc9482fee2d7f9bcbf24b3972bf59817ef757e23982242a93"

[[package]]
name = "web-sys"
version = "0.3.63"
source = "registry+https://github.com/rust-lang/crates.io-index"
checksum = "3bdd9ef4e984da1187bf8110c5cf5b845fbc87a23602cdf912386a76fcd3a7c2"
dependencies = [
 "js-sys",
 "wasm-bindgen",
]

[[package]]
name = "winapi"
version = "0.2.8"
source = "registry+https://github.com/rust-lang/crates.io-index"
checksum = "167dc9d6949a9b857f3451275e911c3f44255842c1f7a76f33c55103a909087a"

[[package]]
name = "winapi"
version = "0.3.9"
source = "registry+https://github.com/rust-lang/crates.io-index"
checksum = "5c839a674fcd7a98952e593242ea400abe93992746761e38641405d28b00f419"
dependencies = [
 "winapi-i686-pc-windows-gnu",
 "winapi-x86_64-pc-windows-gnu",
]

[[package]]
name = "winapi-build"
version = "0.1.1"
source = "registry+https://github.com/rust-lang/crates.io-index"
checksum = "2d315eee3b34aca4797b2da6b13ed88266e6d612562a0c46390af8299fc699bc"

[[package]]
name = "winapi-i686-pc-windows-gnu"
version = "0.4.0"
source = "registry+https://github.com/rust-lang/crates.io-index"
checksum = "ac3b87c63620426dd9b991e5ce0329eff545bccbbb34f3be09ff6fb6ab51b7b6"

[[package]]
name = "winapi-x86_64-pc-windows-gnu"
version = "0.4.0"
source = "registry+https://github.com/rust-lang/crates.io-index"
checksum = "712e227841d057c1ee1cd2fb22fa7e5a5461ae8e48fa2ca79ec42cfc1931183f"

[[package]]
name = "windows-sys"
version = "0.42.0"
source = "registry+https://github.com/rust-lang/crates.io-index"
checksum = "5a3e1820f08b8513f676f7ab6c1f99ff312fb97b553d30ff4dd86f9f15728aa7"
dependencies = [
 "windows_aarch64_gnullvm 0.42.2",
 "windows_aarch64_msvc 0.42.2",
 "windows_i686_gnu 0.42.2",
 "windows_i686_msvc 0.42.2",
 "windows_x86_64_gnu 0.42.2",
 "windows_x86_64_gnullvm 0.42.2",
 "windows_x86_64_msvc 0.42.2",
]

[[package]]
name = "windows-sys"
version = "0.48.0"
source = "registry+https://github.com/rust-lang/crates.io-index"
checksum = "677d2418bec65e3338edb076e806bc1ec15693c5d0104683f2efe857f61056a9"
dependencies = [
 "windows-targets",
]

[[package]]
name = "windows-targets"
version = "0.48.0"
source = "registry+https://github.com/rust-lang/crates.io-index"
checksum = "7b1eb6f0cd7c80c79759c929114ef071b87354ce476d9d94271031c0497adfd5"
dependencies = [
 "windows_aarch64_gnullvm 0.48.0",
 "windows_aarch64_msvc 0.48.0",
 "windows_i686_gnu 0.48.0",
 "windows_i686_msvc 0.48.0",
 "windows_x86_64_gnu 0.48.0",
 "windows_x86_64_gnullvm 0.48.0",
 "windows_x86_64_msvc 0.48.0",
]

[[package]]
name = "windows_aarch64_gnullvm"
version = "0.42.2"
source = "registry+https://github.com/rust-lang/crates.io-index"
checksum = "597a5118570b68bc08d8d59125332c54f1ba9d9adeedeef5b99b02ba2b0698f8"

[[package]]
name = "windows_aarch64_gnullvm"
version = "0.48.0"
source = "registry+https://github.com/rust-lang/crates.io-index"
checksum = "91ae572e1b79dba883e0d315474df7305d12f569b400fcf90581b06062f7e1bc"

[[package]]
name = "windows_aarch64_msvc"
version = "0.42.2"
source = "registry+https://github.com/rust-lang/crates.io-index"
checksum = "e08e8864a60f06ef0d0ff4ba04124db8b0fb3be5776a5cd47641e942e58c4d43"

[[package]]
name = "windows_aarch64_msvc"
version = "0.48.0"
source = "registry+https://github.com/rust-lang/crates.io-index"
checksum = "b2ef27e0d7bdfcfc7b868b317c1d32c641a6fe4629c171b8928c7b08d98d7cf3"

[[package]]
name = "windows_i686_gnu"
version = "0.42.2"
source = "registry+https://github.com/rust-lang/crates.io-index"
checksum = "c61d927d8da41da96a81f029489353e68739737d3beca43145c8afec9a31a84f"

[[package]]
name = "windows_i686_gnu"
version = "0.48.0"
source = "registry+https://github.com/rust-lang/crates.io-index"
checksum = "622a1962a7db830d6fd0a69683c80a18fda201879f0f447f065a3b7467daa241"

[[package]]
name = "windows_i686_msvc"
version = "0.42.2"
source = "registry+https://github.com/rust-lang/crates.io-index"
checksum = "44d840b6ec649f480a41c8d80f9c65108b92d89345dd94027bfe06ac444d1060"

[[package]]
name = "windows_i686_msvc"
version = "0.48.0"
source = "registry+https://github.com/rust-lang/crates.io-index"
checksum = "4542c6e364ce21bf45d69fdd2a8e455fa38d316158cfd43b3ac1c5b1b19f8e00"

[[package]]
name = "windows_x86_64_gnu"
version = "0.42.2"
source = "registry+https://github.com/rust-lang/crates.io-index"
checksum = "8de912b8b8feb55c064867cf047dda097f92d51efad5b491dfb98f6bbb70cb36"

[[package]]
name = "windows_x86_64_gnu"
version = "0.48.0"
source = "registry+https://github.com/rust-lang/crates.io-index"
checksum = "ca2b8a661f7628cbd23440e50b05d705db3686f894fc9580820623656af974b1"

[[package]]
name = "windows_x86_64_gnullvm"
version = "0.42.2"
source = "registry+https://github.com/rust-lang/crates.io-index"
checksum = "26d41b46a36d453748aedef1486d5c7a85db22e56aff34643984ea85514e94a3"

[[package]]
name = "windows_x86_64_gnullvm"
version = "0.48.0"
source = "registry+https://github.com/rust-lang/crates.io-index"
checksum = "7896dbc1f41e08872e9d5e8f8baa8fdd2677f29468c4e156210174edc7f7b953"

[[package]]
name = "windows_x86_64_msvc"
version = "0.42.2"
source = "registry+https://github.com/rust-lang/crates.io-index"
checksum = "9aec5da331524158c6d1a4ac0ab1541149c0b9505fde06423b02f5ef0106b9f0"

[[package]]
name = "windows_x86_64_msvc"
version = "0.48.0"
source = "registry+https://github.com/rust-lang/crates.io-index"
checksum = "1a515f5799fe4961cb532f983ce2b23082366b898e52ffbce459c86f67c8378a"

[[package]]
name = "ws2_32-sys"
version = "0.2.1"
source = "registry+https://github.com/rust-lang/crates.io-index"
checksum = "d59cefebd0c892fa2dd6de581e937301d8552cb44489cdff035c6187cb63fa5e"
dependencies = [
 "winapi 0.2.8",
 "winapi-build",
]
